
Microsoft Visual Studio Solution File, Format Version 12.00
# Visual Studio 2012
Project("{FAE04EC0-301F-11D3-BF4B-00C04F79EFBC}") = "99BottlesOfBeer", "99BottlesOfBeer\99BottlesOfBeer.csproj", "{1A0F1659-6C0C-497F-B2C2-10867FBA69C5}"
EndProject
Project("{FAE04EC0-301F-11D3-BF4B-00C04F79EFBC}") = "100Doors", "100Doors\100Doors.csproj", "{AF253894-C6C6-44F9-8750-79360DBE7C02}"
EndProject
Project("{FAE04EC0-301F-11D3-BF4B-00C04F79EFBC}") = "A+B", "A+B\A+B.csproj", "{5C028857-2922-423B-8720-04D8A0444EC1}"
EndProject
Project("{FAE04EC0-301F-11D3-BF4B-00C04F79EFBC}") = "AddressOfVariable", "AddressOfVariable\AddressOfVariable.csproj", "{0A66749F-5EE9-4FAC-B6BC-7F5092C0B737}"
EndProject
Project("{FAE04EC0-301F-11D3-BF4B-00C04F79EFBC}") = "ArrayLength", "ArrayLength\ArrayLength.csproj", "{5C311F70-B501-433D-AEBF-215C537BDF8B}"
EndProject
Project("{FAE04EC0-301F-11D3-BF4B-00C04F79EFBC}") = "CheckIfPalindrome", "CheckIfPalindrome\CheckIfPalindrome.csproj", "{F249CDE9-D8FF-4641-8D03-4755C6C94621}"
EndProject
Project("{FAE04EC0-301F-11D3-BF4B-00C04F79EFBC}") = "FindPItotheNthDigit", "FindPItotheNthDigit\FindPItotheNthDigit.csproj", "{D0A48063-FC73-4B65-B191-912137215001}"
EndProject
Project("{FAE04EC0-301F-11D3-BF4B-00C04F79EFBC}") = "FizzBuzz", "FizzBuzz\FizzBuzz.csproj", "{DF0F9790-2328-43B3-B060-451A8F07C692}"
EndProject
Project("{FAE04EC0-301F-11D3-BF4B-00C04F79EFBC}") = "NumberNames", "NumberNames\NumberNames.csproj", "{6607166E-DE56-4C0C-874F-70A9E8B32CD2}"
EndProject
Project("{FAE04EC0-301F-11D3-BF4B-00C04F79EFBC}") = "ReverseAString", "ReverseAString\ReverseAString.csproj", "{172D63FF-65D5-4437-960A-E6A77BEC96E6}"
EndProject
Project("{FAE04EC0-301F-11D3-BF4B-00C04F79EFBC}") = "NextPrimeNumber", "NextPrimeNumber\NextPrimeNumber.csproj", "{E01338C0-02B6-4C88-AEDD-987D68C270BF}"
EndProject
Project("{FAE04EC0-301F-11D3-BF4B-00C04F79EFBC}") = "MultiplesOf3And5", "MultiplesOf3And5\MultiplesOf3And5.csproj", "{2A55B562-FE82-4CFD-84B9-D1568A8608B7}"
EndProject
Project("{FAE04EC0-301F-11D3-BF4B-00C04F79EFBC}") = "EvenFibonacciNumbers", "EvenFibonacciNumbers\EvenFibonacciNumbers.csproj", "{3804AFC2-9C06-457F-ABCB-668DE009CFB1}"
EndProject
Project("{FAE04EC0-301F-11D3-BF4B-00C04F79EFBC}") = "LargestPrimeFactor", "LargestPrimeFactor\LargestPrimeFactor.csproj", "{BB87D6B8-9DCA-4CF7-8E8B-5E04350D0FC0}"
EndProject
Project("{FAE04EC0-301F-11D3-BF4B-00C04F79EFBC}") = "LargestPalindromeProduct", "LargestPalindromeProduct\LargestPalindromeProduct.csproj", "{222A3B56-0857-4B9D-AE05-C18A518DFD77}"
EndProject
Project("{FAE04EC0-301F-11D3-BF4B-00C04F79EFBC}") = "SmallestMultiple", "SmallestMultiple\SmallestMultiple.csproj", "{C26B8B81-93F1-4B07-89BE-E4AD58857EDD}"
EndProject
Project("{FAE04EC0-301F-11D3-BF4B-00C04F79EFBC}") = "SumSquareDifference", "SumSquareDifference\SumSquareDifference.csproj", "{F867BF05-5B02-4A21-80B8-C6304D710A14}"
EndProject
Global
	GlobalSection(SolutionConfigurationPlatforms) = preSolution
		Debug|x86 = Debug|x86
		Release|x86 = Release|x86
	EndGlobalSection
	GlobalSection(ProjectConfigurationPlatforms) = postSolution
		{0A66749F-5EE9-4FAC-B6BC-7F5092C0B737}.Debug|x86.ActiveCfg = Debug|x86
		{0A66749F-5EE9-4FAC-B6BC-7F5092C0B737}.Debug|x86.Build.0 = Debug|x86
		{0A66749F-5EE9-4FAC-B6BC-7F5092C0B737}.Release|x86.ActiveCfg = Release|x86
		{0A66749F-5EE9-4FAC-B6BC-7F5092C0B737}.Release|x86.Build.0 = Release|x86
		{172D63FF-65D5-4437-960A-E6A77BEC96E6}.Debug|x86.ActiveCfg = Debug|x86
		{172D63FF-65D5-4437-960A-E6A77BEC96E6}.Debug|x86.Build.0 = Debug|x86
		{172D63FF-65D5-4437-960A-E6A77BEC96E6}.Release|x86.ActiveCfg = Release|x86
		{172D63FF-65D5-4437-960A-E6A77BEC96E6}.Release|x86.Build.0 = Release|x86
		{1A0F1659-6C0C-497F-B2C2-10867FBA69C5}.Debug|x86.ActiveCfg = Debug|x86
		{1A0F1659-6C0C-497F-B2C2-10867FBA69C5}.Debug|x86.Build.0 = Debug|x86
		{1A0F1659-6C0C-497F-B2C2-10867FBA69C5}.Release|x86.ActiveCfg = Release|x86
		{1A0F1659-6C0C-497F-B2C2-10867FBA69C5}.Release|x86.Build.0 = Release|x86
		{222A3B56-0857-4B9D-AE05-C18A518DFD77}.Debug|x86.ActiveCfg = Debug|x86
		{222A3B56-0857-4B9D-AE05-C18A518DFD77}.Debug|x86.Build.0 = Debug|x86
		{222A3B56-0857-4B9D-AE05-C18A518DFD77}.Release|x86.ActiveCfg = Release|x86
		{222A3B56-0857-4B9D-AE05-C18A518DFD77}.Release|x86.Build.0 = Release|x86
		{2A55B562-FE82-4CFD-84B9-D1568A8608B7}.Debug|x86.ActiveCfg = Debug|x86
		{2A55B562-FE82-4CFD-84B9-D1568A8608B7}.Debug|x86.Build.0 = Debug|x86
		{2A55B562-FE82-4CFD-84B9-D1568A8608B7}.Release|x86.ActiveCfg = Release|x86
		{2A55B562-FE82-4CFD-84B9-D1568A8608B7}.Release|x86.Build.0 = Release|x86
		{3804AFC2-9C06-457F-ABCB-668DE009CFB1}.Debug|x86.ActiveCfg = Debug|x86
		{3804AFC2-9C06-457F-ABCB-668DE009CFB1}.Debug|x86.Build.0 = Debug|x86
		{3804AFC2-9C06-457F-ABCB-668DE009CFB1}.Release|x86.ActiveCfg = Release|x86
		{3804AFC2-9C06-457F-ABCB-668DE009CFB1}.Release|x86.Build.0 = Release|x86
		{5C028857-2922-423B-8720-04D8A0444EC1}.Debug|x86.ActiveCfg = Debug|x86
		{5C028857-2922-423B-8720-04D8A0444EC1}.Debug|x86.Build.0 = Debug|x86
		{5C028857-2922-423B-8720-04D8A0444EC1}.Release|x86.ActiveCfg = Release|x86
		{5C028857-2922-423B-8720-04D8A0444EC1}.Release|x86.Build.0 = Release|x86
		{5C311F70-B501-433D-AEBF-215C537BDF8B}.Debug|x86.ActiveCfg = Debug|x86
		{5C311F70-B501-433D-AEBF-215C537BDF8B}.Debug|x86.Build.0 = Debug|x86
		{5C311F70-B501-433D-AEBF-215C537BDF8B}.Release|x86.ActiveCfg = Release|x86
		{5C311F70-B501-433D-AEBF-215C537BDF8B}.Release|x86.Build.0 = Release|x86
		{6607166E-DE56-4C0C-874F-70A9E8B32CD2}.Debug|x86.ActiveCfg = Debug|x86
		{6607166E-DE56-4C0C-874F-70A9E8B32CD2}.Debug|x86.Build.0 = Debug|x86
		{6607166E-DE56-4C0C-874F-70A9E8B32CD2}.Release|x86.ActiveCfg = Release|x86
		{6607166E-DE56-4C0C-874F-70A9E8B32CD2}.Release|x86.Build.0 = Release|x86
		{AF253894-C6C6-44F9-8750-79360DBE7C02}.Debug|x86.ActiveCfg = Debug|x86
		{AF253894-C6C6-44F9-8750-79360DBE7C02}.Debug|x86.Build.0 = Debug|x86
		{AF253894-C6C6-44F9-8750-79360DBE7C02}.Release|x86.ActiveCfg = Release|x86
		{AF253894-C6C6-44F9-8750-79360DBE7C02}.Release|x86.Build.0 = Release|x86
		{BB87D6B8-9DCA-4CF7-8E8B-5E04350D0FC0}.Debug|x86.ActiveCfg = Debug|x86
		{BB87D6B8-9DCA-4CF7-8E8B-5E04350D0FC0}.Debug|x86.Build.0 = Debug|x86
		{BB87D6B8-9DCA-4CF7-8E8B-5E04350D0FC0}.Release|x86.ActiveCfg = Release|x86
		{BB87D6B8-9DCA-4CF7-8E8B-5E04350D0FC0}.Release|x86.Build.0 = Release|x86
		{C26B8B81-93F1-4B07-89BE-E4AD58857EDD}.Debug|x86.ActiveCfg = Debug|x86
		{C26B8B81-93F1-4B07-89BE-E4AD58857EDD}.Debug|x86.Build.0 = Debug|x86
		{C26B8B81-93F1-4B07-89BE-E4AD58857EDD}.Release|x86.ActiveCfg = Release|x86
		{C26B8B81-93F1-4B07-89BE-E4AD58857EDD}.Release|x86.Build.0 = Release|x86
		{D0A48063-FC73-4B65-B191-912137215001}.Debug|x86.ActiveCfg = Debug|x86
		{D0A48063-FC73-4B65-B191-912137215001}.Debug|x86.Build.0 = Debug|x86
		{D0A48063-FC73-4B65-B191-912137215001}.Release|x86.ActiveCfg = Release|x86
		{D0A48063-FC73-4B65-B191-912137215001}.Release|x86.Build.0 = Release|x86
		{DF0F9790-2328-43B3-B060-451A8F07C692}.Debug|x86.ActiveCfg = Debug|x86
		{DF0F9790-2328-43B3-B060-451A8F07C692}.Debug|x86.Build.0 = Debug|x86
		{DF0F9790-2328-43B3-B060-451A8F07C692}.Release|x86.ActiveCfg = Release|x86
		{DF0F9790-2328-43B3-B060-451A8F07C692}.Release|x86.Build.0 = Release|x86
		{E01338C0-02B6-4C88-AEDD-987D68C270BF}.Debug|x86.ActiveCfg = Debug|x86
		{E01338C0-02B6-4C88-AEDD-987D68C270BF}.Debug|x86.Build.0 = Debug|x86
		{E01338C0-02B6-4C88-AEDD-987D68C270BF}.Release|x86.ActiveCfg = Release|x86
		{E01338C0-02B6-4C88-AEDD-987D68C270BF}.Release|x86.Build.0 = Release|x86
		{F249CDE9-D8FF-4641-8D03-4755C6C94621}.Debug|x86.ActiveCfg = Debug|x86
		{F249CDE9-D8FF-4641-8D03-4755C6C94621}.Debug|x86.Build.0 = Debug|x86
		{F249CDE9-D8FF-4641-8D03-4755C6C94621}.Release|x86.ActiveCfg = Release|x86
		{F249CDE9-D8FF-4641-8D03-4755C6C94621}.Release|x86.Build.0 = Release|x86
		{F867BF05-5B02-4A21-80B8-C6304D710A14}.Debug|x86.ActiveCfg = Debug|x86
		{F867BF05-5B02-4A21-80B8-C6304D710A14}.Debug|x86.Build.0 = Debug|x86
		{F867BF05-5B02-4A21-80B8-C6304D710A14}.Release|x86.ActiveCfg = Release|x86
		{F867BF05-5B02-4A21-80B8-C6304D710A14}.Release|x86.Build.0 = Release|x86
	EndGlobalSection
EndGlobal
